
Microsoft Visual Studio Solution File, Format Version 12.00
# Visual Studio Version 17
VisualStudioVersion = 17.9.34701.34
MinimumVisualStudioVersion = 10.0.40219.1
Project("{9A19103F-16F7-4668-BE54-9A1E7A4F7556}") = "ZADANIE", "ZADANIE\ZADANIE.csproj", "{52AE9BBF-216C-44B3-A5AD-791FCB211C7E}"
EndProject
Project("{9A19103F-16F7-4668-BE54-9A1E7A4F7556}") = "ZADANIE_TEST", "ZADANIE_TEST\ZADANIE_TEST.csproj", "{4F1E2EDC-91E0-4BA0-845F-F2073BDAF773}"
EndProject
Project("{FAE04EC0-301F-11D3-BF4B-00C04F79EFBC}") = "Pool.WpfApp", "Pool.WpfApp\Pool.WpfApp.csproj", "{A784A60C-5910-4CF8-A571-39F100608AA6}"
EndProject
Global
	GlobalSection(SolutionConfigurationPlatforms) = preSolution
		Debug|Any CPU = Debug|Any CPU
		Release|Any CPU = Release|Any CPU
	EndGlobalSection
	GlobalSection(ProjectConfigurationPlatforms) = postSolution
		{52AE9BBF-216C-44B3-A5AD-791FCB211C7E}.Debug|Any CPU.ActiveCfg = Debug|Any CPU
		{52AE9BBF-216C-44B3-A5AD-791FCB211C7E}.Debug|Any CPU.Build.0 = Debug|Any CPU
		{52AE9BBF-216C-44B3-A5AD-791FCB211C7E}.Release|Any CPU.ActiveCfg = Release|Any CPU
		{52AE9BBF-216C-44B3-A5AD-791FCB211C7E}.Release|Any CPU.Build.0 = Release|Any CPU
		{4F1E2EDC-91E0-4BA0-845F-F2073BDAF773}.Debug|Any CPU.ActiveCfg = Debug|Any CPU
		{4F1E2EDC-91E0-4BA0-845F-F2073BDAF773}.Debug|Any CPU.Build.0 = Debug|Any CPU
		{4F1E2EDC-91E0-4BA0-845F-F2073BDAF773}.Release|Any CPU.ActiveCfg = Release|Any CPU
		{4F1E2EDC-91E0-4BA0-845F-F2073BDAF773}.Release|Any CPU.Build.0 = Release|Any CPU
		{A784A60C-5910-4CF8-A571-39F100608AA6}.Debug|Any CPU.ActiveCfg = Debug|Any CPU
		{A784A60C-5910-4CF8-A571-39F100608AA6}.Debug|Any CPU.Build.0 = Debug|Any CPU
		{A784A60C-5910-4CF8-A571-39F100608AA6}.Release|Any CPU.ActiveCfg = Release|Any CPU
		{A784A60C-5910-4CF8-A571-39F100608AA6}.Release|Any CPU.Build.0 = Release|Any CPU
	EndGlobalSection
	GlobalSection(SolutionProperties) = preSolution
		HideSolutionNode = FALSE
	EndGlobalSection
	GlobalSection(ExtensibilityGlobals) = postSolution
		SolutionGuid = {B639FAB5-0950-43FB-BDFB-32B2809CFCE1}
	EndGlobalSection
EndGlobal
