
Microsoft Visual Studio Solution File, Format Version 12.00
# Visual Studio Version 17
VisualStudioVersion = 17.9.34701.34
MinimumVisualStudioVersion = 10.0.40219.1
Project("{9A19103F-16F7-4668-BE54-9A1E7A4F7556}") = "Data", "Data\Data.csproj", "{D50BFBA8-8C57-4733-8572-9BD21D6D759B}"
EndProject
Project("{9A19103F-16F7-4668-BE54-9A1E7A4F7556}") = "Logic", "Logic\Logic.csproj", "{7C37BF04-376C-4E94-8759-83321BAC599C}"
EndProject
Project("{2150E333-8FDC-42A3-9474-1A3956D46DE8}") = "Application", "Application", "{936A9F2E-8E71-4615-841B-C0825E51A936}"
EndProject
Project("{9A19103F-16F7-4668-BE54-9A1E7A4F7556}") = "Model", "Model\Model.csproj", "{F4CA0B8F-C005-4747-8F0F-2C42AF707BEC}"
EndProject
Project("{9A19103F-16F7-4668-BE54-9A1E7A4F7556}") = "ViewModel", "ViewModel\ViewModel.csproj", "{A77DD8FC-4B33-4C4B-9C9A-F9238CA7D432}"
EndProject
Project("{9A19103F-16F7-4668-BE54-9A1E7A4F7556}") = "View", "View\View.csproj", "{F1A491A4-1862-407A-9073-A55301539CD6}"
EndProject
Project("{9A19103F-16F7-4668-BE54-9A1E7A4F7556}") = "DataTests", "Tests\DataTests.csproj", "{4C4C157F-3160-4B02-AC39-2A82E1C4A512}"
EndProject
Project("{9A19103F-16F7-4668-BE54-9A1E7A4F7556}") = "LogicTests", "LogicTests\LogicTests.csproj", "{52B8AC98-880A-48FC-9A3C-813D86091D9D}"
EndProject
Project("{9A19103F-16F7-4668-BE54-9A1E7A4F7556}") = "ModelTests", "ModelTests\ModelTests.csproj", "{7E0808C1-2A66-4865-A008-32C0D3E63C9D}"
EndProject
Project("{2150E333-8FDC-42A3-9474-1A3956D46DE8}") = "Tests", "Tests", "{DCFA88CE-BC4B-4DAA-A6E2-00BFB9BD01B5}"
EndProject
Global
	GlobalSection(SolutionConfigurationPlatforms) = preSolution
		Debug|Any CPU = Debug|Any CPU
		Release|Any CPU = Release|Any CPU
	EndGlobalSection
	GlobalSection(ProjectConfigurationPlatforms) = postSolution
		{D50BFBA8-8C57-4733-8572-9BD21D6D759B}.Debug|Any CPU.ActiveCfg = Debug|Any CPU
		{D50BFBA8-8C57-4733-8572-9BD21D6D759B}.Debug|Any CPU.Build.0 = Debug|Any CPU
		{D50BFBA8-8C57-4733-8572-9BD21D6D759B}.Release|Any CPU.ActiveCfg = Release|Any CPU
		{D50BFBA8-8C57-4733-8572-9BD21D6D759B}.Release|Any CPU.Build.0 = Release|Any CPU
		{7C37BF04-376C-4E94-8759-83321BAC599C}.Debug|Any CPU.ActiveCfg = Debug|Any CPU
		{7C37BF04-376C-4E94-8759-83321BAC599C}.Debug|Any CPU.Build.0 = Debug|Any CPU
		{7C37BF04-376C-4E94-8759-83321BAC599C}.Release|Any CPU.ActiveCfg = Release|Any CPU
		{7C37BF04-376C-4E94-8759-83321BAC599C}.Release|Any CPU.Build.0 = Release|Any CPU
		{F4CA0B8F-C005-4747-8F0F-2C42AF707BEC}.Debug|Any CPU.ActiveCfg = Debug|Any CPU
		{F4CA0B8F-C005-4747-8F0F-2C42AF707BEC}.Debug|Any CPU.Build.0 = Debug|Any CPU
		{F4CA0B8F-C005-4747-8F0F-2C42AF707BEC}.Release|Any CPU.ActiveCfg = Release|Any CPU
		{F4CA0B8F-C005-4747-8F0F-2C42AF707BEC}.Release|Any CPU.Build.0 = Release|Any CPU
		{A77DD8FC-4B33-4C4B-9C9A-F9238CA7D432}.Debug|Any CPU.ActiveCfg = Debug|Any CPU
		{A77DD8FC-4B33-4C4B-9C9A-F9238CA7D432}.Debug|Any CPU.Build.0 = Debug|Any CPU
		{A77DD8FC-4B33-4C4B-9C9A-F9238CA7D432}.Release|Any CPU.ActiveCfg = Release|Any CPU
		{A77DD8FC-4B33-4C4B-9C9A-F9238CA7D432}.Release|Any CPU.Build.0 = Release|Any CPU
		{F1A491A4-1862-407A-9073-A55301539CD6}.Debug|Any CPU.ActiveCfg = Debug|Any CPU
		{F1A491A4-1862-407A-9073-A55301539CD6}.Debug|Any CPU.Build.0 = Debug|Any CPU
		{F1A491A4-1862-407A-9073-A55301539CD6}.Release|Any CPU.ActiveCfg = Release|Any CPU
		{F1A491A4-1862-407A-9073-A55301539CD6}.Release|Any CPU.Build.0 = Release|Any CPU
		{4C4C157F-3160-4B02-AC39-2A82E1C4A512}.Debug|Any CPU.ActiveCfg = Debug|Any CPU
		{4C4C157F-3160-4B02-AC39-2A82E1C4A512}.Debug|Any CPU.Build.0 = Debug|Any CPU
		{4C4C157F-3160-4B02-AC39-2A82E1C4A512}.Release|Any CPU.ActiveCfg = Release|Any CPU
		{4C4C157F-3160-4B02-AC39-2A82E1C4A512}.Release|Any CPU.Build.0 = Release|Any CPU
		{52B8AC98-880A-48FC-9A3C-813D86091D9D}.Debug|Any CPU.ActiveCfg = Debug|Any CPU
		{52B8AC98-880A-48FC-9A3C-813D86091D9D}.Debug|Any CPU.Build.0 = Debug|Any CPU
		{52B8AC98-880A-48FC-9A3C-813D86091D9D}.Release|Any CPU.ActiveCfg = Release|Any CPU
		{52B8AC98-880A-48FC-9A3C-813D86091D9D}.Release|Any CPU.Build.0 = Release|Any CPU
		{7E0808C1-2A66-4865-A008-32C0D3E63C9D}.Debug|Any CPU.ActiveCfg = Debug|Any CPU
		{7E0808C1-2A66-4865-A008-32C0D3E63C9D}.Debug|Any CPU.Build.0 = Debug|Any CPU
		{7E0808C1-2A66-4865-A008-32C0D3E63C9D}.Release|Any CPU.ActiveCfg = Release|Any CPU
		{7E0808C1-2A66-4865-A008-32C0D3E63C9D}.Release|Any CPU.Build.0 = Release|Any CPU
	EndGlobalSection
	GlobalSection(SolutionProperties) = preSolution
		HideSolutionNode = FALSE
	EndGlobalSection
	GlobalSection(NestedProjects) = preSolution
		{F4CA0B8F-C005-4747-8F0F-2C42AF707BEC} = {936A9F2E-8E71-4615-841B-C0825E51A936}
		{A77DD8FC-4B33-4C4B-9C9A-F9238CA7D432} = {936A9F2E-8E71-4615-841B-C0825E51A936}
		{F1A491A4-1862-407A-9073-A55301539CD6} = {936A9F2E-8E71-4615-841B-C0825E51A936}
		{4C4C157F-3160-4B02-AC39-2A82E1C4A512} = {DCFA88CE-BC4B-4DAA-A6E2-00BFB9BD01B5}
		{52B8AC98-880A-48FC-9A3C-813D86091D9D} = {DCFA88CE-BC4B-4DAA-A6E2-00BFB9BD01B5}
		{7E0808C1-2A66-4865-A008-32C0D3E63C9D} = {DCFA88CE-BC4B-4DAA-A6E2-00BFB9BD01B5}
	EndGlobalSection
	GlobalSection(ExtensibilityGlobals) = postSolution
		SolutionGuid = {958CE193-9649-4249-8C04-A40ADBB09299}
	EndGlobalSection
EndGlobal
